
Microsoft Visual Studio Solution File, Format Version 12.00
# Visual Studio Version 17
VisualStudioVersion = 17.12.35506.116 d17.12
MinimumVisualStudioVersion = 10.0.40219.1
Project("{FAE04EC0-301F-11D3-BF4B-00C04F79EFBC}") = "SannoisWorship", "SannoisWorship\SannoisWorship\SannoisWorship.csproj", "{C1ACEC08-1E09-4C26-A53E-F2209009605B}"
EndProject
Project("{FAE04EC0-301F-11D3-BF4B-00C04F79EFBC}") = "SannoisWorship.Client", "SannoisWorship\SannoisWorship.Client\SannoisWorship.Client.csproj", "{6478B93E-DDDC-4A2D-A664-C522495F4C22}"
EndProject
Global
	GlobalSection(SolutionConfigurationPlatforms) = preSolution
		Debug|Any CPU = Debug|Any CPU
		Release|Any CPU = Release|Any CPU
	EndGlobalSection
	GlobalSection(ProjectConfigurationPlatforms) = postSolution
		{C1ACEC08-1E09-4C26-A53E-F2209009605B}.Debug|Any CPU.ActiveCfg = Debug|Any CPU
		{C1ACEC08-1E09-4C26-A53E-F2209009605B}.Debug|Any CPU.Build.0 = Debug|Any CPU
		{C1ACEC08-1E09-4C26-A53E-F2209009605B}.Release|Any CPU.ActiveCfg = Release|Any CPU
		{C1ACEC08-1E09-4C26-A53E-F2209009605B}.Release|Any CPU.Build.0 = Release|Any CPU
		{6478B93E-DDDC-4A2D-A664-C522495F4C22}.Debug|Any CPU.ActiveCfg = Debug|Any CPU
		{6478B93E-DDDC-4A2D-A664-C522495F4C22}.Debug|Any CPU.Build.0 = Debug|Any CPU
		{6478B93E-DDDC-4A2D-A664-C522495F4C22}.Release|Any CPU.ActiveCfg = Release|Any CPU
		{6478B93E-DDDC-4A2D-A664-C522495F4C22}.Release|Any CPU.Build.0 = Release|Any CPU
	EndGlobalSection
	GlobalSection(SolutionProperties) = preSolution
		HideSolutionNode = FALSE
	EndGlobalSection
EndGlobal
